{"candidate_state":"pre-freeze-unallocated","canonicalization":"mir-canonical-json-v0","digest":"sha256:0d89416525ac2d3ed2b7cc3ddd79ba4c1501fd02b946bbf5b934cfaa6fd07457","generated_by":"tools/lib/mir4/PlatformPreview.ps1","inputs":[{"path":"mir.toml","sha256":"a4fe89bb048e6aa5f14f45e14db63c537f158ba277d57bf31a10502071f0e9a4"},{"path":"spec/platform/mir4-preview-v0/platform.json","sha256":"373efd2cfd2ae8617cb3bb613a0b6abe55d25ef6db56c38fa7af6b1cde3743ef"},{"path":"spec/platform/mir4-preview-v0/release-dag.json","sha256":"4d7532bce19b995cc215fa4e26e6079278e26e8ff3c1e9ae72c5f1422e24ddbd"},{"path":"spec/api/mir4-v0/contracts.json","sha256":"6ed2e372c8d1816de473fb3ef387adae47dca2b2b60eec60208a67f716c9745b"},{"path":"spec/api/mir4-v1/contracts.json","sha256":"4a1ca449b65f7ded7adc3fe723028dc349297b05cf2335b643cc14fca810af00"},{"path":".mir/releases/waves/mir4-r0/MIR4-Target-RegistryV6.json","sha256":"157b1c0066b50a0175e5bb5fbc2e5ee46f028e623f86368a467fc72d0f29285e"},{"path":".mir/releases/waves/mir4-r0/MIR4-Target-Compiler-ProgrammeV1.json","sha256":"f37562323f0e281e9490fe543a9fde7a6da10568883e9b03289cde7d44f82c63"},{"path":".mir/releases/waves/mir4-r0/MIR4-Semantic-Compiler-ProgrammeV1.json","sha256":"3e7201949990f92f808f6f848c0385ec521fe3a4733ae4fa1e400e369f7b7fac"},{"path":".mir/releases/waves/mir4-r0/MIR4-Whole-Platform-ProgrammeV1.json","sha256":"65037385a93135e799ff5c15e5f16c8a3b6d840a2c5182a61d06ea967b15545b"},{"path":"spec/schemas/mir4-compilation-run-v1.schema.json","sha256":"8200a86a26dd98db0b32362bb5a93b3fbc69dcbffffe76fc9be5d8eb07e461d3"},{"path":"spec/schemas/mir4-whole-platform-programme-v1.schema.json","sha256":"a91426a9abbc3365b76789059b9015fe3b4cbc6866ca60298b1f3f0d3dc86f56"},{"path":"spec/schemas/mir4-technology-acceptance-queue-v1.schema.json","sha256":"01d855a3ff42c089a0f72908f39c9d970ca902af4a629ad5d310717bb5352cc3"},{"path":".mir/releases/waves/mir4-r0/MIR4-Runtime-Continuity-ProgrammeV1.json","sha256":"18af8c68043c5545b840c4bff281b11dfb7d5616d0b340f616d52b5431c6918f"},{"path":".mir/releases/waves/mir4-r0/MIR4-Module-Ecosystem-ProgrammeV1.json","sha256":"6948a0af519abcdfb9041f21429ea9232f372bf6e190ba8994bafbc0e1aeefc9"},{"path":".mir/releases/waves/mir4-r0/MIR4-ProcessIR-Synthesis-ProgrammeV1.json","sha256":"3b245e45c85ebf9c0dceedd51ca3b48b72f68c57a48c3c016d47a288cf20bbe0"},{"path":".mir/releases/waves/mir4-r0/MIR4-Inspector-Compatibility-ProgrammeV1.json","sha256":"ccf0e1ed8488bb96534d57587282e512450fc3434ac8e6f112717b8c449dbaa5"},{"path":".mir/releases/waves/mir4-r0/MIR4-Historical-Succession-ProgrammeV1.json","sha256":"2da2a8b7d6e4274a474328a9bfb293dff86e9aa81c230d52be26f5aac83b7209"},{"path":".mir/releases/waves/mir4-r0/MIR4-Compatibility-Campaign-SOL07V1.json","sha256":"1bb77aa519e340c439782efc4bf84586017345d5c1edbd8d13a523d2ab1b966c"},{"path":"spec/compatibility/claims.json","sha256":"01953eca6fc6eef25145fee865a1e7d8ff65e99e10941363b2a843569abd8dc0"},{"path":"spec/schemas/mir4-runtime-state-matrix-v1.schema.json","sha256":"5425a10ba72887e89ecac8245bad6cf7310e23d252e28c23cb5b5d0c3db76fc6"},{"path":"spec/schemas/mir4-migration-graph-matrix-v1.schema.json","sha256":"370f79c1b1a35737e6f1d0f9d53e3d1ff294f36df0d5120526c6069bcaedc62f"},{"path":"spec/schemas/mir4-continuity-bundle-v1.schema.json","sha256":"a572352623c8afad3025df01008d8d273b7074b1c88f612a67afc0adea4582f7"},{"path":"spec/schemas/mir4-canonical-recipe-fact-input-v1.schema.json","sha256":"b32a43f6fd09277923729055efced7c576d2cbd361870fb70d6e4f7f4a064219"},{"path":"spec/schemas/mir4-process-ir-v1.schema.json","sha256":"64c1c50b4a2501ab61e19ceede3076b60ca4820b63d666f2e83b0e64b722085f"},{"path":"spec/schemas/mir4-effect-channel-registry-v1.schema.json","sha256":"47c3ce3ace2a5d66306b3b219131b31dba7646234ff9be042382dc005142c451"},{"path":"spec/schemas/mir4-synthesis-maturity-matrix-v1.schema.json","sha256":"687a3fa64946eafccad1472c71850abea89a63dd5e596dcb67eac7148bc0399f"},{"path":"spec/schemas/mir4-inspection-bundle-v1.schema.json","sha256":"8ff18670b2d4f1a1c26f5adf4b0d8dcda76efc83e155989e90bd9031c30c5088"},{"path":"spec/schemas/mir4-compatibility-subject-ledger-v1.schema.json","sha256":"2d823af32737f617b1eaf068de9a449972e3e54d30f371de281839df0d7c87c1"},{"path":"spec/schemas/mir4-compatibility-factory-plan-v1.schema.json","sha256":"1c54b4c4cf96d408b23711a77ab545c9c19a26ca930088376e8cbaddaa25c2ea"},{"path":"spec/schemas/mir4-inspector-workbench-result-v1.schema.json","sha256":"43d14a75c73646baa9666b29a7c976ccabedc2d3166e4c585f4b644017869387"},{"path":"spec/schemas/mir4-historical-museum-matrix-v1.schema.json","sha256":"4a137232c7325ca1f2b28074b47992c1e1b3d19a969d5a8459fb5de26bae5ac9"},{"path":"spec/schemas/mir4-successor-host-result-v1.schema.json","sha256":"eaa4ad64031109f41a686be244738277bc600afde0883c724bd5707fe1218c94"},{"path":".mir/releases/waves/mir4-r0/MIR4-Bootstrap-Local-Candidate-PlanV3.json","sha256":"2b477d6792c91c2069763dc6caa0c78370ae87268e9a06e3fcbbac7edcdf63a6"},{"path":".mir/releases/waves/mir4-r0/MIR4-Historical-Private-Candidate-AuthorizationV1.json","sha256":"0ec2f43cd17c8bf0784d9157b231886a02ae72d443b65256c44c73ceb6fe815c"},{"path":".mir/compatibility.yml","sha256":"196633ba3e4616d670cdfac523647a36f2fd93f56d351538cd8a2d4c032c89a5"},{"path":".mir/streams.yml","sha256":"405a33ff6a80b3a7dbcb321fb37c3525c62e2f594335484b721c7e68fc3ac2f8"},{"path":".mir/fixtures.yml","sha256":"ad2e11d1b5282da1e6e8ce640a180660d25267c50c5d86286982179f12f20a1a"},{"path":".mir/modules.yml","sha256":"fee3361ebf805ee905bda97665a7ee7c84e3aaf26a97ae4c6de1892293c2afed"},{"path":".mir/technology-lifecycle.json","sha256":"54cf3fa2aea8f477526c1292ea26994927ceabdc5a15cc929f3e003efbee0ac2"},{"path":".mir/technology-governance.json","sha256":"43a44c36b1708a8ae0b96a5644e8bff5b1c74e0966cd3f83b29ebcde2eb74964"},{"path":".mir/control/repository-fixed-point.json","sha256":"709bcabc4541142e87965659450c9f2d313e822d5ec416570b944b98fabe1ef7"},{"path":"tools/lib/mir4/ExperimentalApiSdk.ps1","sha256":"78bb537c064a244b73fc7d008444186ba049fab1757e2a4beb5213f84881a20a"},{"path":"tools/lib/mir4/PlatformPreview.ps1","sha256":"fb28f3be521847eeab09fcf7c6863aa1ad7aa28f0e5af9a9052f16d44539ed8c"},{"path":"tools/lib/mir4/SafetyKernel.ps1","sha256":"7be3946360329e67cc6f3dd28a2ea0909adae9dbe384efb794bcea862ccd71b4"},{"path":"tools/lib/mir4/PolicyEngine.ps1","sha256":"4e19a948d8d5aed79145b9a990e8dd560114aef30d0e4faf8ac2d7511cec816d"},{"path":"tools/lib/mir4/NormalizedCompiler.ps1","sha256":"7ffa4099eacfc35b783c7988ad00e1b23847553cda762871555516860f252b31"},{"path":"tools/lib/mir4/TargetCompiler.ps1","sha256":"442fb88b0ce723b64e6514430392e2017195d03b625237237f8392f784be380d"},{"path":"tools/lib/mir4/CompilationRun.ps1","sha256":"e213963eddda6f7faeb4eae50dc4eecfcacef8673fe733fda26e25ecd23e3022"},{"path":"tools/lib/mir4/RuntimeStateModel.ps1","sha256":"bcc54166ee12a965a1ffae403bb34ecddfd3ed911de21e04f81f9d8df4150382"},{"path":"tools/lib/mir4/ModuleEcosystem.ps1","sha256":"e34eb98e45db92ecc84dcb55e2ba6207d9b931e7c9f1ea4f61d9558d4aa2e85c"},{"path":"tools/lib/mir4/ProcessIR.ps1","sha256":"f8fccb6bde5c3e5fe1a71eca5231d50cc0a51dd2f23b9ffdc4d4d8b100c27a68"},{"path":"tools/lib/mir4/SupportAssessment.ps1","sha256":"3fcc097aaa4e9a289d7d4152b3aab77d85c809557b1e31cd4a4ac30a9b7dbe25"},{"path":"tools/lib/mir4/CompatibilityIndex.ps1","sha256":"2419c3c46d6b02ae143b7ecee0b1ca6d4930d10eb851f3f90eaed59b26462945"},{"path":"tools/lib/mir4/CompatibilityFactory.ps1","sha256":"d9c70f14e0d76a2a91bce54cde287a64c4b5b52a7fcb57c48533e368827ecc35"},{"path":"tools/lib/mir4/Inspector.ps1","sha256":"bca1dc69892270293271e73ddf01506f5c6296a4cb87491f75763bc19c24c20e"},{"path":"tools/lib/mir4/HistoricalSuccession.ps1","sha256":"ea33c922e9ea992c778148cc085011025d4f3df75823bfc5fcd7157a84f8346b"},{"path":"tools/lib/mir4/SuccessorHost.ps1","sha256":"27a7bf9e682659750e0e7a9652b75c14d0abd28915e4b52e442e9ea4d3c2c33b"},{"path":"tools/lib/mir4/ReleaseDag.ps1","sha256":"c2cd3a4a84a21fb2722c5203cc9ed318bb1876c5c4388eb73ba5adfe21cd4ee1"},{"path":"tools/lib/mir4/RepositoryFixedPoint.ps1","sha256":"8a5a3ad091e6410548d39848ceb14a3bbbe70b051c092bcaf0f75d49f1965a01"},{"path":"tools/lib/mir4/TargetKey.ps1","sha256":"ed48fba763c246f9cfbd2078b9410866a799529c4cdb187033fcb7a16fdeaa4f"},{"path":"tools/lib/mir4/WholePlatform.ps1","sha256":"34c90c8d3a32228555aacf93a5b022a89b43e8cbd7c5a74076d99ccf01fae47a"},{"path":"tools/lib/mir4/TechnologyAcceptance.ps1","sha256":"0d9703ca0e5147ef4e5e3d339b5d06cd060fc256c0b17ec3042f664f4e33406c"}],"kind":"MIR4PlatformLockV1","next_candidate":"M4RC1","programme_execution_id":"M4C02-09-24H","programme_id":"M4C10-WHOLE-4X-IN-4.0","schema":1,"source_version":"4.0.0"}
