{"candidate_wave":"M4C01","canonicalization":"mir-canonical-json-v0","digest":"sha256:cc162daed3a66b7828d7912c90030ab865f3d73d98dad79892e91460b575ec60","generated_by":"tools/lib/mir4/PlatformPreview.ps1","inputs":[{"path":"mir.toml","sha256":"43d6703b25eb8b87d7367004b8cc9141ec9f10e7653ffb9f2e392ee8fc4924d4"},{"path":"spec/platform/mir4-preview-v0/platform.json","sha256":"31fa2ceafe830e68b5d076b753d1dedbcf79bebcda6a00f818afe2950e0c4ede"},{"path":"spec/platform/mir4-preview-v0/release-dag.json","sha256":"3c67b3b453cbcf2d5fde1c6ea8f4192ec3fbcb62ee80f3d33ae69808a4a0edda"},{"path":"spec/api/mir4-v0/contracts.json","sha256":"f7c704339dd2e88771e739a97321fb96fc215282a5793d0392fc1ba805ebd14e"},{"path":".mir/releases/waves/mir4-r0/MIR4-Target-RegistryV5.json","sha256":"b461b244a72664f53c9a0444f7d22ba56014e253fed687897b74ee652f608d1a"},{"path":".mir/releases/waves/mir4-r0/MIR4-Bootstrap-Local-Candidate-PlanV3.json","sha256":"1b4b0d9442b853a01e20d066c3e404912d1c41a2d11b3d9aa9971ae91ba26592"},{"path":".mir/releases/waves/mir4-r0/MIR4-Historical-Private-Candidate-AuthorizationV1.json","sha256":"0ec2f43cd17c8bf0784d9157b231886a02ae72d443b65256c44c73ceb6fe815c"},{"path":".mir/compatibility.yml","sha256":"fddb4f2f19c0a4ae35cc17e7e5866326c30d0945c0ddd0c45f8706d219b819ab"},{"path":".mir/streams.yml","sha256":"21d7be079c71c84fbd1e4277440548ed3d495e910b0a7aa3e84c9bf882111809"},{"path":".mir/fixtures.yml","sha256":"88fc1edd5e59f42731b1502449c605e931916fb6db41fef0ccb5c40a5926d2e4"},{"path":".mir/modules.yml","sha256":"d243806bac892679f2024d4ee629124c129ecb42988950206f45cb069de865f7"},{"path":"tools/lib/mir4/ExperimentalApiSdk.ps1","sha256":"8dda2c05c85a3d8f473de350596cc6110ffa02dbdbd637f37fab3363d0ccae70"},{"path":"tools/lib/mir4/SafetyKernel.ps1","sha256":"52f2bbabd3dc4e86cafd1b8c49802d5d237aa0a8304e50bc4ccdc48536b6beff"},{"path":"tools/lib/mir4/PolicyEngine.ps1","sha256":"66503a7bd3fef9715e5d2f3c49af926d6178aa0ceb6bd57d5774de8bcc209fe9"},{"path":"tools/lib/mir4/NormalizedCompiler.ps1","sha256":"b19504d1c9588cc669ac3932abb1314985ef70a14c870db4b20ecca82bea2d8d"},{"path":"tools/lib/mir4/RuntimeStateModel.ps1","sha256":"6fd8b5774ebc61685fdaa6b0153d49c2fbfdecc0a8f1a5c7a8b7b05004d4abb3"},{"path":"tools/lib/mir4/ProcessIR.ps1","sha256":"b320d9fdb1400a0e65bde0603683f1569dc412d262a438d321df53ca96c141f7"},{"path":"tools/lib/mir4/ReleaseDag.ps1","sha256":"f1fb29f364ce14e0eda5847da7620b2f9f381924910adf94d1d1710b22df8daf"}],"kind":"MIR4PlatformLockV0","schema":1,"source_version":"4.0.0"}
