{"candidate_wave":"M4C01","canonicalization":"mir-canonical-json-v0","digest":"sha256:471cc8fa63c73d2488411c3f797d6ed75b48d15d69d4d1240d3b9bc3a18faaf9","generated_by":"tools/lib/mir4/PlatformPreview.ps1","inputs":[{"path":"mir.toml","sha256":"6e545faecfa302d68bb142f03cb50cbd87c172018f3d3b2fa96587759f73812a"},{"path":"spec/platform/mir4-preview-v0/platform.json","sha256":"24d3e2d1be2f1dfe7c8aab5bb152ae9d2b12402f2dbbf5e33dc4af7ab91d540d"},{"path":"spec/platform/mir4-preview-v0/release-dag.json","sha256":"4d7532bce19b995cc215fa4e26e6079278e26e8ff3c1e9ae72c5f1422e24ddbd"},{"path":"spec/api/mir4-v0/contracts.json","sha256":"6ed2e372c8d1816de473fb3ef387adae47dca2b2b60eec60208a67f716c9745b"},{"path":".mir/releases/waves/mir4-r0/MIR4-Target-RegistryV6.json","sha256":"157b1c0066b50a0175e5bb5fbc2e5ee46f028e623f86368a467fc72d0f29285e"},{"path":".mir/releases/waves/mir4-r0/MIR4-Target-Compiler-ProgrammeV1.json","sha256":"f37562323f0e281e9490fe543a9fde7a6da10568883e9b03289cde7d44f82c63"},{"path":".mir/releases/waves/mir4-r0/MIR4-Semantic-Compiler-ProgrammeV1.json","sha256":"3e7201949990f92f808f6f848c0385ec521fe3a4733ae4fa1e400e369f7b7fac"},{"path":"spec/schemas/mir4-compilation-run-v1.schema.json","sha256":"d15fb751c2cc604f56aba22df3ad06d0509d7d95ad293b2a4e5b75d7ebc8a5f3"},{"path":".mir/releases/waves/mir4-r0/MIR4-Runtime-Continuity-ProgrammeV1.json","sha256":"18af8c68043c5545b840c4bff281b11dfb7d5616d0b340f616d52b5431c6918f"},{"path":"spec/schemas/mir4-runtime-state-matrix-v1.schema.json","sha256":"5425a10ba72887e89ecac8245bad6cf7310e23d252e28c23cb5b5d0c3db76fc6"},{"path":"spec/schemas/mir4-migration-graph-matrix-v1.schema.json","sha256":"370f79c1b1a35737e6f1d0f9d53e3d1ff294f36df0d5120526c6069bcaedc62f"},{"path":"spec/schemas/mir4-continuity-bundle-v1.schema.json","sha256":"a572352623c8afad3025df01008d8d273b7074b1c88f612a67afc0adea4582f7"},{"path":".mir/releases/waves/mir4-r0/MIR4-Bootstrap-Local-Candidate-PlanV3.json","sha256":"1b4b0d9442b853a01e20d066c3e404912d1c41a2d11b3d9aa9971ae91ba26592"},{"path":".mir/releases/waves/mir4-r0/MIR4-Historical-Private-Candidate-AuthorizationV1.json","sha256":"0ec2f43cd17c8bf0784d9157b231886a02ae72d443b65256c44c73ceb6fe815c"},{"path":".mir/compatibility.yml","sha256":"196633ba3e4616d670cdfac523647a36f2fd93f56d351538cd8a2d4c032c89a5"},{"path":".mir/streams.yml","sha256":"405a33ff6a80b3a7dbcb321fb37c3525c62e2f594335484b721c7e68fc3ac2f8"},{"path":".mir/fixtures.yml","sha256":"e974f6c4e7a764e029af60801f25135e2a4fe3baae88b7c333dd9b2adf3b626b"},{"path":".mir/modules.yml","sha256":"24f26f83f916c51c17de923ecd74634f29b480eb705836201cf1f880ba90bf32"},{"path":".mir/control/repository-fixed-point.json","sha256":"094098fff2cd68c0be2a1ddaf46f43077eaf00d2e0da5a7f0a02ccfb0e5d54e6"},{"path":"tools/lib/mir4/ExperimentalApiSdk.ps1","sha256":"c45411028a5d8e1d0d60a37320cb5e6099e86626d9755d6b913e17a59a010041"},{"path":"tools/lib/mir4/SafetyKernel.ps1","sha256":"310582cba01249f5b698fa27f7e41d934588ee84841748581049bb5e51ad9e40"},{"path":"tools/lib/mir4/PolicyEngine.ps1","sha256":"4e19a948d8d5aed79145b9a990e8dd560114aef30d0e4faf8ac2d7511cec816d"},{"path":"tools/lib/mir4/NormalizedCompiler.ps1","sha256":"3a0d00f6a3529514f4a2f447e7467290f4a7e28da3dbeaed3134dec1231d4505"},{"path":"tools/lib/mir4/TargetCompiler.ps1","sha256":"bde7d76c8f373d9f83e7392cc9cae9ef4bb3cae09d658c0a5c96152345c06f95"},{"path":"tools/lib/mir4/CompilationRun.ps1","sha256":"47b01f568953d0bc490bf4bdaf259423758f440fc0e8a5a38d95ac1c7d06f230"},{"path":"tools/lib/mir4/RuntimeStateModel.ps1","sha256":"82a276eb2ab7cdc805d5959266a150774d82bf77a9c3acb5dffb066aabf9d4d7"},{"path":"tools/lib/mir4/ProcessIR.ps1","sha256":"669c3d1bf07ca22afdb8fc97ab1560c059e7b66c90a9a3d386622aad52ea4fdd"},{"path":"tools/lib/mir4/ReleaseDag.ps1","sha256":"c2cd3a4a84a21fb2722c5203cc9ed318bb1876c5c4388eb73ba5adfe21cd4ee1"},{"path":"tools/lib/mir4/RepositoryFixedPoint.ps1","sha256":"a5eb2f603bc18f87a1eb92aef8ae961c9a17e157322731c4684180cb8dd8b343"}],"kind":"MIR4PlatformLockV0","programme_id":"M4C02-09-24H","schema":1,"source_version":"4.0.0"}
